<?xml version="1.0" encoding="utf-8"?>
<Project ToolsVersion="4.0" xmlns="http://schemas.microsoft.com/developer/msbuild/2003">
  <ItemGroup>
    <ClCompile Include="src\main.cpp" />
    <ClCompile Include="src\Rendering\VertexArrayObject.cpp">
      <Filter>Rendering</Filter>
    </ClCompile>
    <ClCompile Include="src\Rendering\Vertex.cpp">
      <Filter>Rendering</Filter>
    </ClCompile>
    <ClCompile Include="src\Rendering\ElementBufferObject.cpp">
      <Filter>Rendering</Filter>
    </ClCompile>
    <ClCompile Include="src\Rendering\Transform.cpp">
      <Filter>Rendering</Filter>
    </ClCompile>
    <ClCompile Include="src\Rendering\WindowFactory.cpp">
      <Filter>Rendering</Filter>
    </ClCompile>
    <ClCompile Include="src\Rendering\OpenGlWindow.cpp">
      <Filter>Rendering</Filter>
    </ClCompile>
    <ClCompile Include="src\Rendering\ShaderProgram.cpp">
      <Filter>Rendering</Filter>
    </ClCompile>
    <ClCompile Include="src\Rendering\Loader.cpp">
      <Filter>Rendering</Filter>
    </ClCompile>
    <ClCompile Include="src\Rendering\CubeMesh.cpp">
      <Filter>Rendering</Filter>
    </ClCompile>
    <ClCompile Include="src\Rendering\VertexBufferObject.cpp">
      <Filter>Rendering</Filter>
    </ClCompile>
    <ClCompile Include="src\Rendering\Model.cpp">
      <Filter>Rendering</Filter>
    </ClCompile>
  </ItemGroup>
  <ItemGroup>
    <Filter Include="Rendering">
      <UniqueIdentifier>{90a78ade-cea8-4819-baec-9c79daec0062}</UniqueIdentifier>
    </Filter>
    <Filter Include="Rendering\Lighting">
      <UniqueIdentifier>{dbf56e84-eb93-4a94-b402-c405506a8c67}</UniqueIdentifier>
    </Filter>
  </ItemGroup>
  <ItemGroup>
    <ClInclude Include="src\Rendering\VertexArrayObject.hpp">
      <Filter>Rendering</Filter>
    </ClInclude>
    <ClInclude Include="src\Rendering\Vertex.hpp">
      <Filter>Rendering</Filter>
    </ClInclude>
    <ClInclude Include="src\Rendering\Mesh.hpp">
      <Filter>Rendering</Filter>
    </ClInclude>
    <ClInclude Include="src\Rendering\ElementBufferObject.hpp">
      <Filter>Rendering</Filter>
    </ClInclude>
    <ClInclude Include="src\Rendering\Color.hpp">
      <Filter>Rendering</Filter>
    </ClInclude>
    <ClInclude Include="src\Rendering\Lighting\Light.hpp">
      <Filter>Rendering\Lighting</Filter>
    </ClInclude>
    <ClInclude Include="src\Rendering\Lighting\DirectionalLight.hpp">
      <Filter>Rendering\Lighting</Filter>
    </ClInclude>
    <ClInclude Include="src\Rendering\Lighting\PointLight.hpp">
      <Filter>Rendering\Lighting</Filter>
    </ClInclude>
    <ClInclude Include="src\Rendering\Model.hpp">
      <Filter>Rendering</Filter>
    </ClInclude>
    <ClInclude Include="src\Rendering\Transform.hpp">
      <Filter>Rendering</Filter>
    </ClInclude>
    <ClInclude Include="src\Rendering\WindowFactory.hpp">
      <Filter>Rendering</Filter>
    </ClInclude>
    <ClInclude Include="src\Rendering\Window.hpp">
      <Filter>Rendering</Filter>
    </ClInclude>
    <ClInclude Include="src\Rendering\OpenGlWindow.hpp">
      <Filter>Rendering</Filter>
    </ClInclude>
    <ClInclude Include="src\Rendering\ShaderProgram.hpp">
      <Filter>Rendering</Filter>
    </ClInclude>
    <ClInclude Include="src\Rendering\Loader.hpp">
      <Filter>Rendering</Filter>
    </ClInclude>
    <ClInclude Include="src\Rendering\CubeMesh.hpp">
      <Filter>Rendering</Filter>
    </ClInclude>
    <ClInclude Include="src\Rendering\VertexBufferObject.hpp">
      <Filter>Rendering</Filter>
    </ClInclude>
    <ClInclude Include="src\Rendering\LoaderHelpers.hpp">
      <Filter>Rendering</Filter>
    </ClInclude>
  </ItemGroup>
</Project>